github.com/amarnathcjd/gogram v1.6.0 h1:IiFBCxRlxRN8krTc0uy5Fc9gRHzojOaThgk1bay19Lo=
github.com/amarnathcjd/gogram v1.6.0/go.mod h1:7Ns4qq3IQ5C2j0h4OmkDOzAkVh01bwUEdsfQ0tdRvMU=
github.com/pkg/errors v0.9.1 h1:FEBLx1zS214owpjy7qsBeixbURkuhQAwrK5UwLGTwt4=
github.com/pkg/errors v0.9.1/go.mod h1:bwawxfHBFNV+L2hUp1rHADufV3IMtnDRdf1r5NINEl0=
golang.org/x/net v0.35.0 h1:T5GQRQb2y08kTAByq9L4/bz8cipCdA8FbRTXewonqY8=
golang.org/x/net v0.35.0/go.mod h1:EglIi67kWsHKlRzzVMUD93VMSWGFOMSZgxFjparz1Qk=
